
Microsoft Visual Studio Solution File, Format Version 12.00
# Visual Studio Version 17
VisualStudioVersion = 17.4.33213.308
MinimumVisualStudioVersion = 10.0.40219.1
Project("{FAE04EC0-301F-11D3-BF4B-00C04F79EFBC}") = "Assignment-2", "Assignment-2.csproj", "{6AC5E181-6A82-42A9-96AA-5D6B1A0F352C}"
EndProject
Global
	GlobalSection(SolutionConfigurationPlatforms) = preSolution
		Debug|Any CPU = Debug|Any CPU
		Release|Any CPU = Release|Any CPU
	EndGlobalSection
	GlobalSection(ProjectConfigurationPlatforms) = postSolution
		{6AC5E181-6A82-42A9-96AA-5D6B1A0F352C}.Debug|Any CPU.ActiveCfg = Debug|Any CPU
		{6AC5E181-6A82-42A9-96AA-5D6B1A0F352C}.Debug|Any CPU.Build.0 = Debug|Any CPU
		{6AC5E181-6A82-42A9-96AA-5D6B1A0F352C}.Release|Any CPU.ActiveCfg = Release|Any CPU
		{6AC5E181-6A82-42A9-96AA-5D6B1A0F352C}.Release|Any CPU.Build.0 = Release|Any CPU
	EndGlobalSection
	GlobalSection(SolutionProperties) = preSolution
		HideSolutionNode = FALSE
	EndGlobalSection
	GlobalSection(ExtensibilityGlobals) = postSolution
		SolutionGuid = {0B3E9483-C369-4171-9195-9725120578C0}
	EndGlobalSection
EndGlobal
